
Microsoft Visual Studio Solution File, Format Version 12.00
Project("{FAE04EC0-301F-11D3-BF4B-00C04F79EFBC}") = "Domain", "Domain\Domain.csproj", "{3513EBE9-EB62-42C6-9979-D42D900BC15E}"
EndProject
Project("{FAE04EC0-301F-11D3-BF4B-00C04F79EFBC}") = "WebAPI", "WebAPI\WebAPI.csproj", "{93ADA8DF-F87C-4940-B0C9-96C9592D7D17}"
EndProject
Project("{FAE04EC0-301F-11D3-BF4B-00C04F79EFBC}") = "Application", "Application\Application.csproj", "{508239BD-2D90-48C5-9015-9259EEC860D0}"
EndProject
Project("{FAE04EC0-301F-11D3-BF4B-00C04F79EFBC}") = "FileData", "FileData\FileData.csproj", "{EDF79070-784C-4186-92A4-5446F4BCB47A}"
EndProject
Project("{FAE04EC0-301F-11D3-BF4B-00C04F79EFBC}") = "HttpClients", "HttpClients\HttpClients.csproj", "{523EA8CA-0FAA-438D-ACF2-7781318A41B4}"
EndProject
Global
	GlobalSection(SolutionConfigurationPlatforms) = preSolution
		Debug|Any CPU = Debug|Any CPU
		Release|Any CPU = Release|Any CPU
	EndGlobalSection
	GlobalSection(ProjectConfigurationPlatforms) = postSolution
		{3513EBE9-EB62-42C6-9979-D42D900BC15E}.Debug|Any CPU.ActiveCfg = Debug|Any CPU
		{3513EBE9-EB62-42C6-9979-D42D900BC15E}.Debug|Any CPU.Build.0 = Debug|Any CPU
		{3513EBE9-EB62-42C6-9979-D42D900BC15E}.Release|Any CPU.ActiveCfg = Release|Any CPU
		{3513EBE9-EB62-42C6-9979-D42D900BC15E}.Release|Any CPU.Build.0 = Release|Any CPU
		{93ADA8DF-F87C-4940-B0C9-96C9592D7D17}.Debug|Any CPU.ActiveCfg = Debug|Any CPU
		{93ADA8DF-F87C-4940-B0C9-96C9592D7D17}.Debug|Any CPU.Build.0 = Debug|Any CPU
		{93ADA8DF-F87C-4940-B0C9-96C9592D7D17}.Release|Any CPU.ActiveCfg = Release|Any CPU
		{93ADA8DF-F87C-4940-B0C9-96C9592D7D17}.Release|Any CPU.Build.0 = Release|Any CPU
		{508239BD-2D90-48C5-9015-9259EEC860D0}.Debug|Any CPU.ActiveCfg = Debug|Any CPU
		{508239BD-2D90-48C5-9015-9259EEC860D0}.Debug|Any CPU.Build.0 = Debug|Any CPU
		{508239BD-2D90-48C5-9015-9259EEC860D0}.Release|Any CPU.ActiveCfg = Release|Any CPU
		{508239BD-2D90-48C5-9015-9259EEC860D0}.Release|Any CPU.Build.0 = Release|Any CPU
		{EDF79070-784C-4186-92A4-5446F4BCB47A}.Debug|Any CPU.ActiveCfg = Debug|Any CPU
		{EDF79070-784C-4186-92A4-5446F4BCB47A}.Debug|Any CPU.Build.0 = Debug|Any CPU
		{EDF79070-784C-4186-92A4-5446F4BCB47A}.Release|Any CPU.ActiveCfg = Release|Any CPU
		{EDF79070-784C-4186-92A4-5446F4BCB47A}.Release|Any CPU.Build.0 = Release|Any CPU
		{523EA8CA-0FAA-438D-ACF2-7781318A41B4}.Debug|Any CPU.ActiveCfg = Debug|Any CPU
		{523EA8CA-0FAA-438D-ACF2-7781318A41B4}.Debug|Any CPU.Build.0 = Debug|Any CPU
		{523EA8CA-0FAA-438D-ACF2-7781318A41B4}.Release|Any CPU.ActiveCfg = Release|Any CPU
		{523EA8CA-0FAA-438D-ACF2-7781318A41B4}.Release|Any CPU.Build.0 = Release|Any CPU
	EndGlobalSection
EndGlobal
